
Microsoft Visual Studio Solution File, Format Version 12.00
# Visual Studio Version 17
VisualStudioVersion = 17.6.33717.318
MinimumVisualStudioVersion = 10.0.40219.1
Project("{FAE04EC0-301F-11D3-BF4B-00C04F79EFBC}") = "proxy", "proxy\proxy.csproj", "{FD6E0FE1-4515-492E-88D7-CC1AAEC215DE}"
EndProject
Global
	GlobalSection(SolutionConfigurationPlatforms) = preSolution
		Debug|Any CPU = Debug|Any CPU
		Release|Any CPU = Release|Any CPU
	EndGlobalSection
	GlobalSection(ProjectConfigurationPlatforms) = postSolution
		{FD6E0FE1-4515-492E-88D7-CC1AAEC215DE}.Debug|Any CPU.ActiveCfg = Debug|Any CPU
		{FD6E0FE1-4515-492E-88D7-CC1AAEC215DE}.Debug|Any CPU.Build.0 = Debug|Any CPU
		{FD6E0FE1-4515-492E-88D7-CC1AAEC215DE}.Release|Any CPU.ActiveCfg = Release|Any CPU
		{FD6E0FE1-4515-492E-88D7-CC1AAEC215DE}.Release|Any CPU.Build.0 = Release|Any CPU
	EndGlobalSection
	GlobalSection(SolutionProperties) = preSolution
		HideSolutionNode = FALSE
	EndGlobalSection
	GlobalSection(ExtensibilityGlobals) = postSolution
		SolutionGuid = {87DDB475-39A9-402B-A8DD-FC0FA9150984}
	EndGlobalSection
EndGlobal
